
Microsoft Visual Studio Solution File, Format Version 12.00
# Visual Studio Version 17
VisualStudioVersion = 17.3.32922.545
MinimumVisualStudioVersion = 10.0.40219.1
Project("{FAE04EC0-301F-11D3-BF4B-00C04F79EFBC}") = "PIngPongSKDH", "PIngPongSKDH\PIngPongSKDH.csproj", "{CE415469-5798-44D3-9346-8E5F81577661}"
EndProject
Global
	GlobalSection(SolutionConfigurationPlatforms) = preSolution
		Debug|Any CPU = Debug|Any CPU
		Release|Any CPU = Release|Any CPU
	EndGlobalSection
	GlobalSection(ProjectConfigurationPlatforms) = postSolution
		{CE415469-5798-44D3-9346-8E5F81577661}.Debug|Any CPU.ActiveCfg = Debug|Any CPU
		{CE415469-5798-44D3-9346-8E5F81577661}.Debug|Any CPU.Build.0 = Debug|Any CPU
		{CE415469-5798-44D3-9346-8E5F81577661}.Release|Any CPU.ActiveCfg = Release|Any CPU
		{CE415469-5798-44D3-9346-8E5F81577661}.Release|Any CPU.Build.0 = Release|Any CPU
	EndGlobalSection
	GlobalSection(SolutionProperties) = preSolution
		HideSolutionNode = FALSE
	EndGlobalSection
	GlobalSection(ExtensibilityGlobals) = postSolution
		SolutionGuid = {5D3E3E4C-D23E-4473-B39D-66F1D35DA81E}
	EndGlobalSection
EndGlobal
